github.com/gorilla/mux v1.8.0 h1:i40aqfkR1h2SlN9hojwV5ZA91wcXFOvkdNIeFDP5koI=
github.com/gorilla/mux v1.8.0/go.mod h1:DVbg23sWSpFRCP0SfiEN6jmj59UnW/n46BH5rLB71So=
github.com/moshee/go-nbt v0.0.0-20120325234458-defc6eea8f1a h1:Th90n13DE2AhemrK8oTMbLyOJK1S2s4hZSeiimdBhSE=
github.com/moshee/go-nbt v0.0.0-20120325234458-defc6eea8f1a/go.mod h1:ZXiI3S1pWqGYe+ueUTbtrbyT07pQ034E0FO+UcpKSq0=
